{
  "version": 2,
  "dependencies": {
    "net8.0-windows7.0": {
      "dragons.buildingenergy.contracts": {
        "type": "Project"
      },
      "dragons.energyplus.runtime": {
        "type": "Project",
        "dependencies": {
          "Dragons.BuildingEnergy.Contracts": "[0.1.2, )"
        }
      },
      "dragons.invisibledragon.core": {
        "type": "Project",
        "dependencies": {
          "Dragons.BuildingEnergy.Contracts": "[0.1.2, )",
          "Dragons.EnergyPlus.Runtime": "[0.1.2, )"
        }
      },
      "dragons.simpledragon.core": {
        "type": "Project",
        "dependencies": {
          "Dragons.BuildingEnergy.Contracts": "[0.1.2, )",
          "Dragons.InvisibleDragon.Core": "[0.1.2, )",
          "System.Text.Json": "[8.0.6, )"
        }
      },
      "System.Text.Json": {
        "type": "CentralTransitive",
        "requested": "[8.0.6, )",
        "resolved": "8.0.6",
        "contentHash": "BvSpVBsVN9b+Y+wONbvJOHd1HjXQf33+XiC28ZMOwRsYb42mz3Q8YHnpTSwpwJLqYCMqM+0UUVC3V+pi25XfkQ=="
      }
    }
  }
}