{
  "version": 2,
  "dependencies": {
    "net8.0-windows7.0": {
      "Rhino.Inside": {
        "type": "Direct",
        "requested": "[8.0.7-beta, )",
        "resolved": "8.0.7-beta",
        "contentHash": "PNZdWysS2zI9vaxJ8HQig3iZA3Xg1yG1hnq09VPStQpceoj94iJ6xk0Ubddaw5oswkYYUIJRmQ8xr+bLTROs/g==",
        "dependencies": {
          "Grasshopper": "8.0.23304.9001",
          "RhinoCommon": "8.0.23304.9001"
        }
      },
      "RhinoCommon": {
        "type": "Direct",
        "requested": "[8.0.23304.9001, )",
        "resolved": "8.0.23304.9001",
        "contentHash": "hWuqXjcj/eb1/z8+bml4Bav/8Oug2p6t0mAVf37GhX9sP+M1aYNO9FappqeN8oefcIBkLBmAzr46DYNhTxFAGQ=="
      },
      "dragons.buildingenergy.contracts": {
        "type": "Project"
      },
      "dragons.energyplus.runtime": {
        "type": "Project",
        "dependencies": {
          "Dragons.BuildingEnergy.Contracts": "[0.1.2, )"
        }
      },
      "dragons.invisibledragon.core": {
        "type": "Project",
        "dependencies": {
          "Dragons.BuildingEnergy.Contracts": "[0.1.2, )",
          "Dragons.EnergyPlus.Runtime": "[0.1.2, )"
        }
      },
      "dragons.invisibledragon.rhino": {
        "type": "Project",
        "dependencies": {
          "Dragons.InvisibleDragon.Core": "[0.1.2, )",
          "RhinoCommon": "[8.0.23304.9001, )"
        }
      },
      "dragons.simpledragon.core": {
        "type": "Project",
        "dependencies": {
          "Dragons.BuildingEnergy.Contracts": "[0.1.2, )",
          "Dragons.InvisibleDragon.Core": "[0.1.2, )",
          "System.Text.Json": "[8.0.6, )"
        }
      },
      "dragons.simpledragon.rhino": {
        "type": "Project",
        "dependencies": {
          "Dragons.InvisibleDragon.Rhino": "[0.1.2, )",
          "Dragons.SimpleDragon.Core": "[0.1.2, )",
          "RhinoCommon": "[8.0.23304.9001, )"
        }
      },
      "Grasshopper": {
        "type": "CentralTransitive",
        "requested": "[8.0.23304.9001, )",
        "resolved": "8.0.23304.9001",
        "contentHash": "L1Cse6nAxryzcZ7jsu3WzBiG9BYtgYsaNbRV+p55N+THKTFGmXx1PdBbiWtuxK9kB4jyuLVpeV8XBiYlSGA1Vw==",
        "dependencies": {
          "RhinoCommon": "[8.0.23304.9001]"
        }
      },
      "System.Text.Json": {
        "type": "CentralTransitive",
        "requested": "[8.0.6, )",
        "resolved": "8.0.6",
        "contentHash": "BvSpVBsVN9b+Y+wONbvJOHd1HjXQf33+XiC28ZMOwRsYb42mz3Q8YHnpTSwpwJLqYCMqM+0UUVC3V+pi25XfkQ=="
      }
    }
  }
}